
Microsoft Visual Studio Solution File, Format Version 12.00
# Visual Studio Version 16
VisualStudioVersion = 16.0.31112.23
MinimumVisualStudioVersion = 10.0.40219.1
Project("{FAE04EC0-301F-11D3-BF4B-00C04F79EFBC}") = "ReitanDistribution.API", "ReitanDistribution.API\ReitanDistribution.API.csproj", "{30458EFC-A8DA-4322-9B78-443B841A5F00}"
EndProject
Project("{FAE04EC0-301F-11D3-BF4B-00C04F79EFBC}") = "ReitanDistribution.Infrastructure", "ReitanDistribution.Infrastructure\ReitanDistribution.Infrastructure.csproj", "{6B1BDA77-4AF4-4D93-8CB2-212C30C38918}"
EndProject
Project("{FAE04EC0-301F-11D3-BF4B-00C04F79EFBC}") = "ReitanDistribution.Core", "ReitanDistribution.Core\ReitanDistribution.Core.csproj", "{FBCF76AE-58C0-4138-B266-92176A5CD663}"
EndProject
Global
	GlobalSection(SolutionConfigurationPlatforms) = preSolution
		Debug|Any CPU = Debug|Any CPU
		Release|Any CPU = Release|Any CPU
	EndGlobalSection
	GlobalSection(ProjectConfigurationPlatforms) = postSolution
		{30458EFC-A8DA-4322-9B78-443B841A5F00}.Debug|Any CPU.ActiveCfg = Debug|Any CPU
		{30458EFC-A8DA-4322-9B78-443B841A5F00}.Debug|Any CPU.Build.0 = Debug|Any CPU
		{30458EFC-A8DA-4322-9B78-443B841A5F00}.Release|Any CPU.ActiveCfg = Release|Any CPU
		{30458EFC-A8DA-4322-9B78-443B841A5F00}.Release|Any CPU.Build.0 = Release|Any CPU
		{6B1BDA77-4AF4-4D93-8CB2-212C30C38918}.Debug|Any CPU.ActiveCfg = Debug|Any CPU
		{6B1BDA77-4AF4-4D93-8CB2-212C30C38918}.Debug|Any CPU.Build.0 = Debug|Any CPU
		{6B1BDA77-4AF4-4D93-8CB2-212C30C38918}.Release|Any CPU.ActiveCfg = Release|Any CPU
		{6B1BDA77-4AF4-4D93-8CB2-212C30C38918}.Release|Any CPU.Build.0 = Release|Any CPU
		{FBCF76AE-58C0-4138-B266-92176A5CD663}.Debug|Any CPU.ActiveCfg = Debug|Any CPU
		{FBCF76AE-58C0-4138-B266-92176A5CD663}.Debug|Any CPU.Build.0 = Debug|Any CPU
		{FBCF76AE-58C0-4138-B266-92176A5CD663}.Release|Any CPU.ActiveCfg = Release|Any CPU
		{FBCF76AE-58C0-4138-B266-92176A5CD663}.Release|Any CPU.Build.0 = Release|Any CPU
	EndGlobalSection
	GlobalSection(SolutionProperties) = preSolution
		HideSolutionNode = FALSE
	EndGlobalSection
	GlobalSection(ExtensibilityGlobals) = postSolution
		SolutionGuid = {CB8103C0-86A3-4F59-BD3C-07185A8A22A0}
	EndGlobalSection
EndGlobal
